
Microsoft Visual Studio Solution File, Format Version 12.00
Project("{FAE04EC0-301F-11D3-BF4B-00C04F79EFBC}") = "LinkedList2", "LinkedList2\LinkedList2.csproj", "{F276A18C-D73B-4B0E-AF24-3A47CC63A7A7}"
EndProject
Project("{FAE04EC0-301F-11D3-BF4B-00C04F79EFBC}") = "LibLinkedList2", "LibLinkedList2\LibLinkedList2.csproj", "{039D34E0-0A87-42E2-8B84-6A4A4CF5B2EA}"
EndProject
Project("{F184B08F-C81C-45F6-A57F-5ABD9991F28F}") = "LinkedList2VB", "LinkedList2VB\LinkedList2VB.vbproj", "{D89D2EA2-D1D7-46DB-8B61-EE5F7558916F}"
EndProject
Project("{FAE04EC0-301F-11D3-BF4B-00C04F79EFBC}") = "LibLinkedList2Test", "LibLinkedList2Test\LibLinkedList2Test.csproj", "{F3852605-7852-4353-ABAD-37FE69A85D78}"
EndProject
Project("{F184B08F-C81C-45F6-A57F-5ABD9991F28F}") = "LibLinkedList2TestVB", "LibLinkedList2TestVB\LibLinkedList2TestVB.vbproj", "{8D6A6BBF-C791-4269-AA47-C764968F057C}"
EndProject
Global
	GlobalSection(SolutionConfigurationPlatforms) = preSolution
		Debug|Any CPU = Debug|Any CPU
		Release|Any CPU = Release|Any CPU
	EndGlobalSection
	GlobalSection(ProjectConfigurationPlatforms) = postSolution
		{F276A18C-D73B-4B0E-AF24-3A47CC63A7A7}.Debug|Any CPU.ActiveCfg = Debug|Any CPU
		{F276A18C-D73B-4B0E-AF24-3A47CC63A7A7}.Debug|Any CPU.Build.0 = Debug|Any CPU
		{F276A18C-D73B-4B0E-AF24-3A47CC63A7A7}.Release|Any CPU.ActiveCfg = Release|Any CPU
		{F276A18C-D73B-4B0E-AF24-3A47CC63A7A7}.Release|Any CPU.Build.0 = Release|Any CPU
		{039D34E0-0A87-42E2-8B84-6A4A4CF5B2EA}.Debug|Any CPU.ActiveCfg = Debug|Any CPU
		{039D34E0-0A87-42E2-8B84-6A4A4CF5B2EA}.Debug|Any CPU.Build.0 = Debug|Any CPU
		{039D34E0-0A87-42E2-8B84-6A4A4CF5B2EA}.Release|Any CPU.ActiveCfg = Release|Any CPU
		{039D34E0-0A87-42E2-8B84-6A4A4CF5B2EA}.Release|Any CPU.Build.0 = Release|Any CPU
		{D89D2EA2-D1D7-46DB-8B61-EE5F7558916F}.Debug|Any CPU.ActiveCfg = Debug|Any CPU
		{D89D2EA2-D1D7-46DB-8B61-EE5F7558916F}.Debug|Any CPU.Build.0 = Debug|Any CPU
		{D89D2EA2-D1D7-46DB-8B61-EE5F7558916F}.Release|Any CPU.ActiveCfg = Release|Any CPU
		{D89D2EA2-D1D7-46DB-8B61-EE5F7558916F}.Release|Any CPU.Build.0 = Release|Any CPU
		{F3852605-7852-4353-ABAD-37FE69A85D78}.Debug|Any CPU.ActiveCfg = Debug|Any CPU
		{F3852605-7852-4353-ABAD-37FE69A85D78}.Debug|Any CPU.Build.0 = Debug|Any CPU
		{F3852605-7852-4353-ABAD-37FE69A85D78}.Release|Any CPU.ActiveCfg = Release|Any CPU
		{F3852605-7852-4353-ABAD-37FE69A85D78}.Release|Any CPU.Build.0 = Release|Any CPU
		{8D6A6BBF-C791-4269-AA47-C764968F057C}.Debug|Any CPU.ActiveCfg = Debug|Any CPU
		{8D6A6BBF-C791-4269-AA47-C764968F057C}.Debug|Any CPU.Build.0 = Debug|Any CPU
		{8D6A6BBF-C791-4269-AA47-C764968F057C}.Release|Any CPU.ActiveCfg = Release|Any CPU
		{8D6A6BBF-C791-4269-AA47-C764968F057C}.Release|Any CPU.Build.0 = Release|Any CPU
	EndGlobalSection
EndGlobal
